
Microsoft Visual Studio Solution File, Format Version 12.00
# Visual Studio Version 16
VisualStudioVersion = 16.0.29403.142
MinimumVisualStudioVersion = 10.0.40219.1
Project("{9A19103F-16F7-4668-BE54-9A1E7A4F7556}") = "ObjectForest", "src\ObjectForest.csproj", "{3E3E476C-4706-42B5-AA62-76F8356F3AE4}"
EndProject
Project("{FAE04EC0-301F-11D3-BF4B-00C04F79EFBC}") = "ObjectForest.Abstrations", "src\Abstrations\ObjectForest.Abstrations.csproj", "{7B15CF28-7D8E-4C82-8FA4-8CECF0F9A240}"
EndProject
Project("{9A19103F-16F7-4668-BE54-9A1E7A4F7556}") = "ObjectForest.DependencyInjection", "src\DependencyInjection\ObjectForest.DependencyInjection.csproj", "{022D8B3C-6D12-46A6-9AE5-0B86C040F2DE}"
EndProject
Global
	GlobalSection(SolutionConfigurationPlatforms) = preSolution
		Debug|Any CPU = Debug|Any CPU
		Release|Any CPU = Release|Any CPU
	EndGlobalSection
	GlobalSection(ProjectConfigurationPlatforms) = postSolution
		{3E3E476C-4706-42B5-AA62-76F8356F3AE4}.Debug|Any CPU.ActiveCfg = Debug|Any CPU
		{3E3E476C-4706-42B5-AA62-76F8356F3AE4}.Debug|Any CPU.Build.0 = Debug|Any CPU
		{3E3E476C-4706-42B5-AA62-76F8356F3AE4}.Release|Any CPU.ActiveCfg = Release|Any CPU
		{3E3E476C-4706-42B5-AA62-76F8356F3AE4}.Release|Any CPU.Build.0 = Release|Any CPU
		{7B15CF28-7D8E-4C82-8FA4-8CECF0F9A240}.Debug|Any CPU.ActiveCfg = Debug|Any CPU
		{7B15CF28-7D8E-4C82-8FA4-8CECF0F9A240}.Debug|Any CPU.Build.0 = Debug|Any CPU
		{7B15CF28-7D8E-4C82-8FA4-8CECF0F9A240}.Release|Any CPU.ActiveCfg = Release|Any CPU
		{7B15CF28-7D8E-4C82-8FA4-8CECF0F9A240}.Release|Any CPU.Build.0 = Release|Any CPU
		{022D8B3C-6D12-46A6-9AE5-0B86C040F2DE}.Debug|Any CPU.ActiveCfg = Debug|Any CPU
		{022D8B3C-6D12-46A6-9AE5-0B86C040F2DE}.Debug|Any CPU.Build.0 = Debug|Any CPU
		{022D8B3C-6D12-46A6-9AE5-0B86C040F2DE}.Release|Any CPU.ActiveCfg = Release|Any CPU
		{022D8B3C-6D12-46A6-9AE5-0B86C040F2DE}.Release|Any CPU.Build.0 = Release|Any CPU
	EndGlobalSection
	GlobalSection(SolutionProperties) = preSolution
		HideSolutionNode = FALSE
	EndGlobalSection
	GlobalSection(ExtensibilityGlobals) = postSolution
		SolutionGuid = {21A8D2E1-FD1A-4862-9A0A-43F5948E74AD}
	EndGlobalSection
EndGlobal
